
Microsoft Visual Studio Solution File, Format Version 12.00
# Visual Studio Version 16
VisualStudioVersion = 16.0.30621.155
MinimumVisualStudioVersion = 10.0.40219.1
Project("{F184B08F-C81C-45F6-A57F-5ABD9991F28F}") = "net", "net\net.vbproj", "{840F6204-B51C-43C3-9F25-2C23CDADCFF5}"
EndProject
Project("{F184B08F-C81C-45F6-A57F-5ABD9991F28F}") = "lib", "lib\lib.vbproj", "{573F22D9-2178-46F4-8F2E-A1AFE35C9D40}"
EndProject
Global
	GlobalSection(SolutionConfigurationPlatforms) = preSolution
		Debug|Any CPU = Debug|Any CPU
		Release|Any CPU = Release|Any CPU
	EndGlobalSection
	GlobalSection(ProjectConfigurationPlatforms) = postSolution
		{840F6204-B51C-43C3-9F25-2C23CDADCFF5}.Debug|Any CPU.ActiveCfg = Debug|Any CPU
		{840F6204-B51C-43C3-9F25-2C23CDADCFF5}.Debug|Any CPU.Build.0 = Debug|Any CPU
		{840F6204-B51C-43C3-9F25-2C23CDADCFF5}.Release|Any CPU.ActiveCfg = Release|Any CPU
		{840F6204-B51C-43C3-9F25-2C23CDADCFF5}.Release|Any CPU.Build.0 = Release|Any CPU
		{573F22D9-2178-46F4-8F2E-A1AFE35C9D40}.Debug|Any CPU.ActiveCfg = Debug|Any CPU
		{573F22D9-2178-46F4-8F2E-A1AFE35C9D40}.Debug|Any CPU.Build.0 = Debug|Any CPU
		{573F22D9-2178-46F4-8F2E-A1AFE35C9D40}.Release|Any CPU.ActiveCfg = Release|Any CPU
		{573F22D9-2178-46F4-8F2E-A1AFE35C9D40}.Release|Any CPU.Build.0 = Release|Any CPU
	EndGlobalSection
	GlobalSection(SolutionProperties) = preSolution
		HideSolutionNode = FALSE
	EndGlobalSection
	GlobalSection(ExtensibilityGlobals) = postSolution
		SolutionGuid = {3385696D-81E3-4E96-B819-3EF1114BE6F3}
	EndGlobalSection
EndGlobal
